
Microsoft Visual Studio Solution File, Format Version 12.00
# Visual Studio 15
VisualStudioVersion = 15.0.28307.645
MinimumVisualStudioVersion = 10.0.40219.1
Project("{9A19103F-16F7-4668-BE54-9A1E7A4F7556}") = "FunApp.Web", "Web\FunApp.Web\FunApp.Web.csproj", "{8748D911-9E38-46FF-9E29-534F61147CA0}"
EndProject
Project("{2150E333-8FDC-42A3-9474-1A3956D46DE8}") = "Data", "Data", "{E864DCA5-4F16-4C36-891B-E38DCFCD347D}"
EndProject
Project("{2150E333-8FDC-42A3-9474-1A3956D46DE8}") = "Web", "Web", "{4C03B904-223C-4705-8F5F-096B040F65D0}"
EndProject
Project("{9A19103F-16F7-4668-BE54-9A1E7A4F7556}") = "FunApp.Data", "Data\FunApp.Data\FunApp.Data.csproj", "{457C3955-DA51-49B1-8BF3-3E32739757AE}"
EndProject
Project("{FAE04EC0-301F-11D3-BF4B-00C04F79EFBC}") = "FunApp.Data.Models", "Data\FunApp.Data.Models\FunApp.Data.Models.csproj", "{A641DA71-C518-4174-845C-E93B90F629CB}"
EndProject
Project("{2150E333-8FDC-42A3-9474-1A3956D46DE8}") = "Tests", "Tests", "{7A8C7AA0-0F27-4BCB-804A-828E0C169014}"
EndProject
Project("{FAE04EC0-301F-11D3-BF4B-00C04F79EFBC}") = "Sandbox", "Tests\Sandbox\Sandbox.csproj", "{CEDFB80E-CC41-4641-BA43-97DE8A7D4872}"
EndProject
Global
	GlobalSection(SolutionConfigurationPlatforms) = preSolution
		Debug|Any CPU = Debug|Any CPU
		Release|Any CPU = Release|Any CPU
	EndGlobalSection
	GlobalSection(ProjectConfigurationPlatforms) = postSolution
		{8748D911-9E38-46FF-9E29-534F61147CA0}.Debug|Any CPU.ActiveCfg = Debug|Any CPU
		{8748D911-9E38-46FF-9E29-534F61147CA0}.Debug|Any CPU.Build.0 = Debug|Any CPU
		{8748D911-9E38-46FF-9E29-534F61147CA0}.Release|Any CPU.ActiveCfg = Release|Any CPU
		{8748D911-9E38-46FF-9E29-534F61147CA0}.Release|Any CPU.Build.0 = Release|Any CPU
		{457C3955-DA51-49B1-8BF3-3E32739757AE}.Debug|Any CPU.ActiveCfg = Debug|Any CPU
		{457C3955-DA51-49B1-8BF3-3E32739757AE}.Debug|Any CPU.Build.0 = Debug|Any CPU
		{457C3955-DA51-49B1-8BF3-3E32739757AE}.Release|Any CPU.ActiveCfg = Release|Any CPU
		{457C3955-DA51-49B1-8BF3-3E32739757AE}.Release|Any CPU.Build.0 = Release|Any CPU
		{A641DA71-C518-4174-845C-E93B90F629CB}.Debug|Any CPU.ActiveCfg = Debug|Any CPU
		{A641DA71-C518-4174-845C-E93B90F629CB}.Debug|Any CPU.Build.0 = Debug|Any CPU
		{A641DA71-C518-4174-845C-E93B90F629CB}.Release|Any CPU.ActiveCfg = Release|Any CPU
		{A641DA71-C518-4174-845C-E93B90F629CB}.Release|Any CPU.Build.0 = Release|Any CPU
		{CEDFB80E-CC41-4641-BA43-97DE8A7D4872}.Debug|Any CPU.ActiveCfg = Debug|Any CPU
		{CEDFB80E-CC41-4641-BA43-97DE8A7D4872}.Debug|Any CPU.Build.0 = Debug|Any CPU
		{CEDFB80E-CC41-4641-BA43-97DE8A7D4872}.Release|Any CPU.ActiveCfg = Release|Any CPU
		{CEDFB80E-CC41-4641-BA43-97DE8A7D4872}.Release|Any CPU.Build.0 = Release|Any CPU
	EndGlobalSection
	GlobalSection(SolutionProperties) = preSolution
		HideSolutionNode = FALSE
	EndGlobalSection
	GlobalSection(NestedProjects) = preSolution
		{8748D911-9E38-46FF-9E29-534F61147CA0} = {4C03B904-223C-4705-8F5F-096B040F65D0}
		{457C3955-DA51-49B1-8BF3-3E32739757AE} = {E864DCA5-4F16-4C36-891B-E38DCFCD347D}
		{A641DA71-C518-4174-845C-E93B90F629CB} = {E864DCA5-4F16-4C36-891B-E38DCFCD347D}
		{CEDFB80E-CC41-4641-BA43-97DE8A7D4872} = {7A8C7AA0-0F27-4BCB-804A-828E0C169014}
	EndGlobalSection
	GlobalSection(ExtensibilityGlobals) = postSolution
		SolutionGuid = {6BEB96DA-65D1-42C1-9762-D612A5E66219}
	EndGlobalSection
EndGlobal
